Microsoft Visual Studio Solution File, Format Version 12.00
# Visual Studio Version 17
VisualStudioVersion = 17.5.2.0
MinimumVisualStudioVersion = 10.0.40219.1
Project("{FAE04EC0-301F-11D3-BF4B-00C04F79EFBC}") = "ApiClient", "ApiClient\ApiClient.csproj", "{6193B99B-377A-E893-614B-CC0022A6AD4C}"
EndProject
Global
	GlobalSection(SolutionConfigurationPlatforms) = preSolution
		Debug|Any CPU = Debug|Any CPU
		Release|Any CPU = Release|Any CPU
	EndGlobalSection
	GlobalSection(ProjectConfigurationPlatforms) = postSolution
		{6193B99B-377A-E893-614B-CC0022A6AD4C}.Debug|Any CPU.ActiveCfg = Debug|Any CPU
		{6193B99B-377A-E893-614B-CC0022A6AD4C}.Debug|Any CPU.Build.0 = Debug|Any CPU
		{6193B99B-377A-E893-614B-CC0022A6AD4C}.Release|Any CPU.ActiveCfg = Release|Any CPU
		{6193B99B-377A-E893-614B-CC0022A6AD4C}.Release|Any CPU.Build.0 = Release|Any CPU
	EndGlobalSection
	GlobalSection(SolutionProperties) = preSolution
		HideSolutionNode = FALSE
	EndGlobalSection
	GlobalSection(ExtensibilityGlobals) = postSolution
		SolutionGuid = {343D024F-0A51-4E4B-A349-17063484F532}
	EndGlobalSection
EndGlobal
